
Microsoft Visual Studio Solution File, Format Version 12.00
# Visual Studio Version 17
VisualStudioVersion = 17.9.34701.34
MinimumVisualStudioVersion = 10.0.40219.1
Project("{2150E333-8FDC-42A3-9474-1A3956D46DE8}") = "src", "src", "{D8204F65-2C3B-4659-947A-BBCCCCD600F4}"
EndProject
Project("{2150E333-8FDC-42A3-9474-1A3956D46DE8}") = "tests", "tests", "{A980A94A-AD6C-4B7A-BA7A-D690D8363945}"
EndProject
Project("{9A19103F-16F7-4668-BE54-9A1E7A4F7556}") = "DispenserProvider", "src\DispenserProvider\DispenserProvider.csproj", "{90065FCE-46B7-41D9-9DFF-CB41C76057B1}"
EndProject
Project("{9A19103F-16F7-4668-BE54-9A1E7A4F7556}") = "DispenserProvider.Tests", "tests\DispenserProvider.Tests\DispenserProvider.Tests.csproj", "{353D7AEB-68FA-4979-9BDD-2ECB0C3B4077}"
EndProject
Global
	GlobalSection(SolutionConfigurationPlatforms) = preSolution
		Debug|Any CPU = Debug|Any CPU
		Release|Any CPU = Release|Any CPU
	EndGlobalSection
	GlobalSection(ProjectConfigurationPlatforms) = postSolution
		{90065FCE-46B7-41D9-9DFF-CB41C76057B1}.Debug|Any CPU.ActiveCfg = Debug|Any CPU
		{90065FCE-46B7-41D9-9DFF-CB41C76057B1}.Debug|Any CPU.Build.0 = Debug|Any CPU
		{90065FCE-46B7-41D9-9DFF-CB41C76057B1}.Release|Any CPU.ActiveCfg = Release|Any CPU
		{90065FCE-46B7-41D9-9DFF-CB41C76057B1}.Release|Any CPU.Build.0 = Release|Any CPU
		{353D7AEB-68FA-4979-9BDD-2ECB0C3B4077}.Debug|Any CPU.ActiveCfg = Debug|Any CPU
		{353D7AEB-68FA-4979-9BDD-2ECB0C3B4077}.Debug|Any CPU.Build.0 = Debug|Any CPU
		{353D7AEB-68FA-4979-9BDD-2ECB0C3B4077}.Release|Any CPU.ActiveCfg = Release|Any CPU
		{353D7AEB-68FA-4979-9BDD-2ECB0C3B4077}.Release|Any CPU.Build.0 = Release|Any CPU
	EndGlobalSection
	GlobalSection(SolutionProperties) = preSolution
		HideSolutionNode = FALSE
	EndGlobalSection
	GlobalSection(NestedProjects) = preSolution
		{90065FCE-46B7-41D9-9DFF-CB41C76057B1} = {D8204F65-2C3B-4659-947A-BBCCCCD600F4}
		{353D7AEB-68FA-4979-9BDD-2ECB0C3B4077} = {A980A94A-AD6C-4B7A-BA7A-D690D8363945}
	EndGlobalSection
	GlobalSection(ExtensibilityGlobals) = postSolution
		SolutionGuid = {D2321B13-AAE4-4A58-9AA3-ED47CC362598}
	EndGlobalSection
EndGlobal
